// !$*UTF8*$!
{
	archiveVersion = 1;
	classes = {
	};
	objectVersion = 56;
	objects = {

/* Begin PBXBuildFile section */
		6C1210962A6F38F3005BDF58 /* AppDelegate.swift in Sources */ = {isa = PBXBuildFile; fileRef = 6C1210952A6F38F3005BDF58 /* AppDelegate.swift */; };
		6C1210982A6F38F3005BDF58 /* SceneDelegate.swift in Sources */ = {isa = PBXBuildFile; fileRef = 6C1210972A6F38F3005BDF58 /* SceneDelegate.swift */; };
		6C12109F2A6F38F6005BDF58 /* Assets.xcassets in Resources */ = {isa = PBXBuildFile; fileRef = 6C12109E2A6F38F6005BDF58 /* Assets.xcassets */; };
		6C1210A22A6F38F6005BDF58 /* LaunchScreen.storyboard in Resources */ = {isa = PBXBuildFile; fileRef = 6C1210A02A6F38F6005BDF58 /* LaunchScreen.storyboard */; };
		6C1210AD2A6F38F6005BDF58 /* CSGOEventListTests.swift in Sources */ = {isa = PBXBuildFile; fileRef = 6C1210AC2A6F38F6005BDF58 /* CSGOEventListTests.swift */; };
		6C1210B72A6F38F6005BDF58 /* CSGOEventListUITests.swift in Sources */ = {isa = PBXBuildFile; fileRef = 6C1210B62A6F38F6005BDF58 /* CSGOEventListUITests.swift */; };
		6C1210B92A6F38F6005BDF58 /* CSGOEventListUITestsLaunchTests.swift in Sources */ = {isa = PBXBuildFile; fileRef = 6C1210B82A6F38F6005BDF58 /* CSGOEventListUITestsLaunchTests.swift */; };
		6C1210C72A703713005BDF58 /* NetworkAdapter.swift in Sources */ = {isa = PBXBuildFile; fileRef = 6C1210C62A703713005BDF58 /* NetworkAdapter.swift */; };
		6C1210C92A70372F005BDF58 /* RouteProtocol.swift in Sources */ = {isa = PBXBuildFile; fileRef = 6C1210C82A70372F005BDF58 /* RouteProtocol.swift */; };
		6C1210CB2A703757005BDF58 /* RouteModel.swift in Sources */ = {isa = PBXBuildFile; fileRef = 6C1210CA2A703757005BDF58 /* RouteModel.swift */; };
		6C1210CD2A70376E005BDF58 /* PathProtocol.swift in Sources */ = {isa = PBXBuildFile; fileRef = 6C1210CC2A70376E005BDF58 /* PathProtocol.swift */; };
		6C1210D12A7044AC005BDF58 /* Router.swift in Sources */ = {isa = PBXBuildFile; fileRef = 6C1210D02A7044AC005BDF58 /* Router.swift */; };
		6C1210D32A7044F0005BDF58 /* MatchPath.swift in Sources */ = {isa = PBXBuildFile; fileRef = 6C1210D22A7044F0005BDF58 /* MatchPath.swift */; };
		6C1210D62A704C10005BDF58 /* MatchItemListModel.swift in Sources */ = {isa = PBXBuildFile; fileRef = 6C1210D52A704C10005BDF58 /* MatchItemListModel.swift */; };
		6C1210DA2A7056A8005BDF58 /* HomeViewController.swift in Sources */ = {isa = PBXBuildFile; fileRef = 6C1210D92A7056A8005BDF58 /* HomeViewController.swift */; };
		6C1210DE2A7056CD005BDF58 /* HomeViewModel.swift in Sources */ = {isa = PBXBuildFile; fileRef = 6C1210DD2A7056CD005BDF58 /* HomeViewModel.swift */; };
		6C1210E12A7068A9005BDF58 /* MatchListTableViewCell.swift in Sources */ = {isa = PBXBuildFile; fileRef = 6C1210E02A7068A9005BDF58 /* MatchListTableViewCell.swift */; };
		6C1210E32A707369005BDF58 /* CustomPath.swift in Sources */ = {isa = PBXBuildFile; fileRef = 6C1210E22A707369005BDF58 /* CustomPath.swift */; };
		6C1210E52A70C103005BDF58 /* Date+Extensions.swift in Sources */ = {isa = PBXBuildFile; fileRef = 6C1210E42A70C103005BDF58 /* Date+Extensions.swift */; };
		6C1210E82A70CB69005BDF58 /* String+Extensions.swift in Sources */ = {isa = PBXBuildFile; fileRef = 6C1210E72A70CB69005BDF58 /* String+Extensions.swift */; };
/* End PBXBuildFile section */

/* Begin PBXContainerItemProxy section */
		6C1210A92A6F38F6005BDF58 /* PBXContainerItemProxy */ = {
			isa = PBXContainerItemProxy;
			containerPortal = 6C12108A2A6F38F3005BDF58 /* Project object */;
			proxyType = 1;
			remoteGlobalIDString = 6C1210912A6F38F3005BDF58;
			remoteInfo = CSGOEventList;
		};
		6C1210B32A6F38F6005BDF58 /* PBXContainerItemProxy */ = {
			isa = PBXContainerItemProxy;
			containerPortal = 6C12108A2A6F38F3005BDF58 /* Project object */;
			proxyType = 1;
			remoteGlobalIDString = 6C1210912A6F38F3005BDF58;
			remoteInfo = CSGOEventList;
		};
/* End PBXContainerItemProxy section */

/* Begin PBXFileReference section */
		6C1210922A6F38F3005BDF58 /* CSGOEventList.app */ = {isa = PBXFileReference; explicitFileType = wrapper.application; includeInIndex = 0; path = CSGOEventList.app; sourceTree = BUILT_PRODUCTS_DIR; };
		6C1210952A6F38F3005BDF58 /* AppDelegate.swift */ = {isa = PBXFileReference; lastKnownFileType = sourcecode.swift; path = AppDelegate.swift; sourceTree = "<group>"; };
		6C1210972A6F38F3005BDF58 /* SceneDelegate.swift */ = {isa = PBXFileReference; lastKnownFileType = sourcecode.swift; path = SceneDelegate.swift; sourceTree = "<group>"; };
		6C12109E2A6F38F6005BDF58 /* Assets.xcassets */ = {isa = PBXFileReference; lastKnownFileType = folder.assetcatalog; path = Assets.xcassets; sourceTree = "<group>"; };
		6C1210A12A6F38F6005BDF58 /* Base */ = {isa = PBXFileReference; lastKnownFileType = file.storyboard; name = Base; path = Base.lproj/LaunchScreen.storyboard; sourceTree = "<group>"; };
		6C1210A32A6F38F6005BDF58 /* Info.plist */ = {isa = PBXFileReference; lastKnownFileType = text.plist.xml; path = Info.plist; sourceTree = "<group>"; };
		6C1210A82A6F38F6005BDF58 /* CSGOEventListTests.xctest */ = {isa = PBXFileReference; explicitFileType = wrapper.cfbundle; includeInIndex = 0; path = CSGOEventListTests.xctest; sourceTree = BUILT_PRODUCTS_DIR; };
		6C1210AC2A6F38F6005BDF58 /* CSGOEventListTests.swift */ = {isa = PBXFileReference; lastKnownFileType = sourcecode.swift; path = CSGOEventListTests.swift; sourceTree = "<group>"; };
		6C1210B22A6F38F6005BDF58 /* CSGOEventListUITests.xctest */ = {isa = PBXFileReference; explicitFileType = wrapper.cfbundle; includeInIndex = 0; path = CSGOEventListUITests.xctest; sourceTree = BUILT_PRODUCTS_DIR; };
		6C1210B62A6F38F6005BDF58 /* CSGOEventListUITests.swift */ = {isa = PBXFileReference; lastKnownFileType = sourcecode.swift; path = CSGOEventListUITests.swift; sourceTree = "<group>"; };
		6C1210B82A6F38F6005BDF58 /* CSGOEventListUITestsLaunchTests.swift */ = {isa = PBXFileReference; lastKnownFileType = sourcecode.swift; path = CSGOEventListUITestsLaunchTests.swift; sourceTree = "<group>"; };
		6C1210C62A703713005BDF58 /* NetworkAdapter.swift */ = {isa = PBXFileReference; lastKnownFileType = sourcecode.swift; path = NetworkAdapter.swift; sourceTree = "<group>"; };
		6C1210C82A70372F005BDF58 /* RouteProtocol.swift */ = {isa = PBXFileReference; lastKnownFileType = sourcecode.swift; path = RouteProtocol.swift; sourceTree = "<group>"; };
		6C1210CA2A703757005BDF58 /* RouteModel.swift */ = {isa = PBXFileReference; lastKnownFileType = sourcecode.swift; path = RouteModel.swift; sourceTree = "<group>"; };
		6C1210CC2A70376E005BDF58 /* PathProtocol.swift */ = {isa = PBXFileReference; lastKnownFileType = sourcecode.swift; path = PathProtocol.swift; sourceTree = "<group>"; };
		6C1210D02A7044AC005BDF58 /* Router.swift */ = {isa = PBXFileReference; lastKnownFileType = sourcecode.swift; path = Router.swift; sourceTree = "<group>"; };
		6C1210D22A7044F0005BDF58 /* MatchPath.swift */ = {isa = PBXFileReference; lastKnownFileType = sourcecode.swift; path = MatchPath.swift; sourceTree = "<group>"; };
		6C1210D52A704C10005BDF58 /* MatchItemListModel.swift */ = {isa = PBXFileReference; lastKnownFileType = sourcecode.swift; path = MatchItemListModel.swift; sourceTree = "<group>"; };
		6C1210D92A7056A8005BDF58 /* HomeViewController.swift */ = {isa = PBXFileReference; lastKnownFileType = sourcecode.swift; path = HomeViewController.swift; sourceTree = "<group>"; };
		6C1210DD2A7056CD005BDF58 /* HomeViewModel.swift */ = {isa = PBXFileReference; lastKnownFileType = sourcecode.swift; path = HomeViewModel.swift; sourceTree = "<group>"; };
		6C1210E02A7068A9005BDF58 /* MatchListTableViewCell.swift */ = {isa = PBXFileReference; lastKnownFileType = sourcecode.swift; path = MatchListTableViewCell.swift; sourceTree = "<group>"; };
		6C1210E22A707369005BDF58 /* CustomPath.swift */ = {isa = PBXFileReference; lastKnownFileType = sourcecode.swift; path = CustomPath.swift; sourceTree = "<group>"; };
		6C1210E42A70C103005BDF58 /* Date+Extensions.swift */ = {isa = PBXFileReference; lastKnownFileType = sourcecode.swift; path = "Date+Extensions.swift"; sourceTree = "<group>"; };
		6C1210E72A70CB69005BDF58 /* String+Extensions.swift */ = {isa = PBXFileReference; lastKnownFileType = sourcecode.swift; path = "String+Extensions.swift"; sourceTree = "<group>"; };
/* End PBXFileReference section */

/* Begin PBXFrameworksBuildPhase section */
		6C12108F2A6F38F3005BDF58 /* Frameworks */ = {
			isa = PBXFrameworksBuildPhase;
			buildActionMask = 2147483647;
			files = (
			);
			runOnlyForDeploymentPostprocessing = 0;
		};
		6C1210A52A6F38F6005BDF58 /* Frameworks */ = {
			isa = PBXFrameworksBuildPhase;
			buildActionMask = 2147483647;
			files = (
			);
			runOnlyForDeploymentPostprocessing = 0;
		};
		6C1210AF2A6F38F6005BDF58 /* Frameworks */ = {
			isa = PBXFrameworksBuildPhase;
			buildActionMask = 2147483647;
			files = (
			);
			runOnlyForDeploymentPostprocessing = 0;
		};
/* End PBXFrameworksBuildPhase section */

/* Begin PBXGroup section */
		6C1210892A6F38F3005BDF58 = {
			isa = PBXGroup;
			children = (
				6C1210942A6F38F3005BDF58 /* CSGOEventList */,
				6C1210AB2A6F38F6005BDF58 /* CSGOEventListTests */,
				6C1210B52A6F38F6005BDF58 /* CSGOEventListUITests */,
				6C1210932A6F38F3005BDF58 /* Products */,
			);
			sourceTree = "<group>";
		};
		6C1210932A6F38F3005BDF58 /* Products */ = {
			isa = PBXGroup;
			children = (
				6C1210922A6F38F3005BDF58 /* CSGOEventList.app */,
				6C1210A82A6F38F6005BDF58 /* CSGOEventListTests.xctest */,
				6C1210B22A6F38F6005BDF58 /* CSGOEventListUITests.xctest */,
			);
			name = Products;
			sourceTree = "<group>";
		};
		6C1210942A6F38F3005BDF58 /* CSGOEventList */ = {
			isa = PBXGroup;
			children = (
				6C1210E62A70C109005BDF58 /* Extensions */,
				6C1210DB2A7056BB005BDF58 /* ViewModel */,
				6C1210D72A705679005BDF58 /* View */,
				6C1210D42A704BF4005BDF58 /* Model */,
				6C1210C52A70368A005BDF58 /* Network */,
				6C1210952A6F38F3005BDF58 /* AppDelegate.swift */,
				6C1210972A6F38F3005BDF58 /* SceneDelegate.swift */,
				6C12109E2A6F38F6005BDF58 /* Assets.xcassets */,
				6C1210A02A6F38F6005BDF58 /* LaunchScreen.storyboard */,
				6C1210A32A6F38F6005BDF58 /* Info.plist */,
			);
			path = CSGOEventList;
			sourceTree = "<group>";
		};
		6C1210AB2A6F38F6005BDF58 /* CSGOEventListTests */ = {
			isa = PBXGroup;
			children = (
				6C1210AC2A6F38F6005BDF58 /* CSGOEventListTests.swift */,
			);
			path = CSGOEventListTests;
			sourceTree = "<group>";
		};
		6C1210B52A6F38F6005BDF58 /* CSGOEventListUITests */ = {
			isa = PBXGroup;
			children = (
				6C1210B62A6F38F6005BDF58 /* CSGOEventListUITests.swift */,
				6C1210B82A6F38F6005BDF58 /* CSGOEventListUITestsLaunchTests.swift */,
			);
			path = CSGOEventListUITests;
			sourceTree = "<group>";
		};
		6C1210C52A70368A005BDF58 /* Network */ = {
			isa = PBXGroup;
			children = (
				6C1210CF2A7043BD005BDF58 /* Path */,
				6C1210CE2A7043B7005BDF58 /* Route */,
				6C1210C62A703713005BDF58 /* NetworkAdapter.swift */,
				6C1210C82A70372F005BDF58 /* RouteProtocol.swift */,
			);
			path = Network;
			sourceTree = "<group>";
		};
		6C1210CE2A7043B7005BDF58 /* Route */ = {
			isa = PBXGroup;
			children = (
				6C1210CA2A703757005BDF58 /* RouteModel.swift */,
				6C1210D02A7044AC005BDF58 /* Router.swift */,
			);
			path = Route;
			sourceTree = "<group>";
		};
		6C1210CF2A7043BD005BDF58 /* Path */ = {
			isa = PBXGroup;
			children = (
				6C1210CC2A70376E005BDF58 /* PathProtocol.swift */,
				6C1210D22A7044F0005BDF58 /* MatchPath.swift */,
				6C1210E22A707369005BDF58 /* CustomPath.swift */,
			);
			path = Path;
			sourceTree = "<group>";
		};
		6C1210D42A704BF4005BDF58 /* Model */ = {
			isa = PBXGroup;
			children = (
				6C1210D52A704C10005BDF58 /* MatchItemListModel.swift */,
			);
			path = Model;
			sourceTree = "<group>";
		};
		6C1210D72A705679005BDF58 /* View */ = {
			isa = PBXGroup;
			children = (
				6C1210D82A705682005BDF58 /* Home */,
			);
			path = View;
			sourceTree = "<group>";
		};
		6C1210D82A705682005BDF58 /* Home */ = {
			isa = PBXGroup;
			children = (
				6C1210DF2A706877005BDF58 /* Cells */,
				6C1210D92A7056A8005BDF58 /* HomeViewController.swift */,
			);
			path = Home;
			sourceTree = "<group>";
		};
		6C1210DB2A7056BB005BDF58 /* ViewModel */ = {
			isa = PBXGroup;
			children = (
				6C1210DC2A7056C0005BDF58 /* Home */,
			);
			path = ViewModel;
			sourceTree = "<group>";
		};
		6C1210DC2A7056C0005BDF58 /* Home */ = {
			isa = PBXGroup;
			children = (
				6C1210DD2A7056CD005BDF58 /* HomeViewModel.swift */,
			);
			path = Home;
			sourceTree = "<group>";
		};
		6C1210DF2A706877005BDF58 /* Cells */ = {
			isa = PBXGroup;
			children = (
				6C1210E02A7068A9005BDF58 /* MatchListTableViewCell.swift */,
			);
			path = Cells;
			sourceTree = "<group>";
		};
		6C1210E62A70C109005BDF58 /* Extensions */ = {
			isa = PBXGroup;
			children = (
				6C1210E42A70C103005BDF58 /* Date+Extensions.swift */,
				6C1210E72A70CB69005BDF58 /* String+Extensions.swift */,
			);
			path = Extensions;
			sourceTree = "<group>";
		};
/* End PBXGroup section */

/* Begin PBXNativeTarget section */
		6C1210912A6F38F3005BDF58 /* CSGOEventList */ = {
			isa = PBXNativeTarget;
			buildConfigurationList = 6C1210BC2A6F38F6005BDF58 /* Build configuration list for PBXNativeTarget "CSGOEventList" */;
			buildPhases = (
				6C12108E2A6F38F3005BDF58 /* Sources */,
				6C12108F2A6F38F3005BDF58 /* Frameworks */,
				6C1210902A6F38F3005BDF58 /* Resources */,
			);
			buildRules = (
			);
			dependencies = (
			);
			name = CSGOEventList;
			productName = CSGOEventList;
			productReference = 6C1210922A6F38F3005BDF58 /* CSGOEventList.app */;
			productType = "com.apple.product-type.application";
		};
		6C1210A72A6F38F6005BDF58 /* CSGOEventListTests */ = {
			isa = PBXNativeTarget;
			buildConfigurationList = 6C1210BF2A6F38F6005BDF58 /* Build configuration list for PBXNativeTarget "CSGOEventListTests" */;
			buildPhases = (
				6C1210A42A6F38F6005BDF58 /* Sources */,
				6C1210A52A6F38F6005BDF58 /* Frameworks */,
				6C1210A62A6F38F6005BDF58 /* Resources */,
			);
			buildRules = (
			);
			dependencies = (
				6C1210AA2A6F38F6005BDF58 /* PBXTargetDependency */,
			);
			name = CSGOEventListTests;
			productName = CSGOEventListTests;
			productReference = 6C1210A82A6F38F6005BDF58 /* CSGOEventListTests.xctest */;
			productType = "com.apple.product-type.bundle.unit-test";
		};
		6C1210B12A6F38F6005BDF58 /* CSGOEventListUITests */ = {
			isa = PBXNativeTarget;
			buildConfigurationList = 6C1210C22A6F38F6005BDF58 /* Build configuration list for PBXNativeTarget "CSGOEventListUITests" */;
			buildPhases = (
				6C1210AE2A6F38F6005BDF58 /* Sources */,
				6C1210AF2A6F38F6005BDF58 /* Frameworks */,
				6C1210B02A6F38F6005BDF58 /* Resources */,
			);
			buildRules = (
			);
			dependencies = (
				6C1210B42A6F38F6005BDF58 /* PBXTargetDependency */,
			);
			name = CSGOEventListUITests;
			productName = CSGOEventListUITests;
			productReference = 6C1210B22A6F38F6005BDF58 /* CSGOEventListUITests.xctest */;
			productType = "com.apple.product-type.bundle.ui-testing";
		};
/* End PBXNativeTarget section */

/* Begin PBXProject section */
		6C12108A2A6F38F3005BDF58 /* Project object */ = {
			isa = PBXProject;
			attributes = {
				BuildIndependentTargetsInParallel = 1;
				LastSwiftUpdateCheck = 1430;
				LastUpgradeCheck = 1430;
				TargetAttributes = {
					6C1210912A6F38F3005BDF58 = {
						CreatedOnToolsVersion = 14.3.1;
					};
					6C1210A72A6F38F6005BDF58 = {
						CreatedOnToolsVersion = 14.3.1;
						TestTargetID = 6C1210912A6F38F3005BDF58;
					};
					6C1210B12A6F38F6005BDF58 = {
						CreatedOnToolsVersion = 14.3.1;
						TestTargetID = 6C1210912A6F38F3005BDF58;
					};
				};
			};
			buildConfigurationList = 6C12108D2A6F38F3005BDF58 /* Build configuration list for PBXProject "CSGOEventList" */;
			compatibilityVersion = "Xcode 14.0";
			developmentRegion = en;
			hasScannedForEncodings = 0;
			knownRegions = (
				en,
				Base,
			);
			mainGroup = 6C1210892A6F38F3005BDF58;
			productRefGroup = 6C1210932A6F38F3005BDF58 /* Products */;
			projectDirPath = "";
			projectRoot = "";
			targets = (
				6C1210912A6F38F3005BDF58 /* CSGOEventList */,
				6C1210A72A6F38F6005BDF58 /* CSGOEventListTests */,
				6C1210B12A6F38F6005BDF58 /* CSGOEventListUITests */,
			);
		};
/* End PBXProject section */

/* Begin PBXResourcesBuildPhase section */
		6C1210902A6F38F3005BDF58 /* Resources */ = {
			isa = PBXResourcesBuildPhase;
			buildActionMask = 2147483647;
			files = (
				6C1210A22A6F38F6005BDF58 /* LaunchScreen.storyboard in Resources */,
				6C12109F2A6F38F6005BDF58 /* Assets.xcassets in Resources */,
			);
			runOnlyForDeploymentPostprocessing = 0;
		};
		6C1210A62A6F38F6005BDF58 /* Resources */ = {
			isa = PBXResourcesBuildPhase;
			buildActionMask = 2147483647;
			files = (
			);
			runOnlyForDeploymentPostprocessing = 0;
		};
		6C1210B02A6F38F6005BDF58 /* Resources */ = {
			isa = PBXResourcesBuildPhase;
			buildActionMask = 2147483647;
			files = (
			);
			runOnlyForDeploymentPostprocessing = 0;
		};
/* End PBXResourcesBuildPhase section */

/* Begin PBXSourcesBuildPhase section */
		6C12108E2A6F38F3005BDF58 /* Sources */ = {
			isa = PBXSourcesBuildPhase;
			buildActionMask = 2147483647;
			files = (
				6C1210D12A7044AC005BDF58 /* Router.swift in Sources */,
				6C1210D62A704C10005BDF58 /* MatchItemListModel.swift in Sources */,
				6C1210C92A70372F005BDF58 /* RouteProtocol.swift in Sources */,
				6C1210962A6F38F3005BDF58 /* AppDelegate.swift in Sources */,
				6C1210D32A7044F0005BDF58 /* MatchPath.swift in Sources */,
				6C1210E12A7068A9005BDF58 /* MatchListTableViewCell.swift in Sources */,
				6C1210CD2A70376E005BDF58 /* PathProtocol.swift in Sources */,
				6C1210DE2A7056CD005BDF58 /* HomeViewModel.swift in Sources */,
				6C1210DA2A7056A8005BDF58 /* HomeViewController.swift in Sources */,
				6C1210E52A70C103005BDF58 /* Date+Extensions.swift in Sources */,
				6C1210E82A70CB69005BDF58 /* String+Extensions.swift in Sources */,
				6C1210CB2A703757005BDF58 /* RouteModel.swift in Sources */,
				6C1210E32A707369005BDF58 /* CustomPath.swift in Sources */,
				6C1210C72A703713005BDF58 /* NetworkAdapter.swift in Sources */,
				6C1210982A6F38F3005BDF58 /* SceneDelegate.swift in Sources */,
			);
			runOnlyForDeploymentPostprocessing = 0;
		};
		6C1210A42A6F38F6005BDF58 /* Sources */ = {
			isa = PBXSourcesBuildPhase;
			buildActionMask = 2147483647;
			files = (
				6C1210AD2A6F38F6005BDF58 /* CSGOEventListTests.swift in Sources */,
			);
			runOnlyForDeploymentPostprocessing = 0;
		};
		6C1210AE2A6F38F6005BDF58 /* Sources */ = {
			isa = PBXSourcesBuildPhase;
			buildActionMask = 2147483647;
			files = (
				6C1210B72A6F38F6005BDF58 /* CSGOEventListUITests.swift in Sources */,
				6C1210B92A6F38F6005BDF58 /* CSGOEventListUITestsLaunchTests.swift in Sources */,
			);
			runOnlyForDeploymentPostprocessing = 0;
		};
/* End PBXSourcesBuildPhase section */

/* Begin PBXTargetDependency section */
		6C1210AA2A6F38F6005BDF58 /* PBXTargetDependency */ = {
			isa = PBXTargetDependency;
			target = 6C1210912A6F38F3005BDF58 /* CSGOEventList */;
			targetProxy = 6C1210A92A6F38F6005BDF58 /* PBXContainerItemProxy */;
		};
		6C1210B42A6F38F6005BDF58 /* PBXTargetDependency */ = {
			isa = PBXTargetDependency;
			target = 6C1210912A6F38F3005BDF58 /* CSGOEventList */;
			targetProxy = 6C1210B32A6F38F6005BDF58 /* PBXContainerItemProxy */;
		};
/* End PBXTargetDependency section */

/* Begin PBXVariantGroup section */
		6C1210A02A6F38F6005BDF58 /* LaunchScreen.storyboard */ = {
			isa = PBXVariantGroup;
			children = (
				6C1210A12A6F38F6005BDF58 /* Base */,
			);
			name = LaunchScreen.storyboard;
			sourceTree = "<group>";
		};
/* End PBXVariantGroup section */

/* Begin XCBuildConfiguration section */
		6C1210BA2A6F38F6005BDF58 /* Debug */ = {
			isa = XCBuildConfiguration;
			buildSettings = {
				ALWAYS_SEARCH_USER_PATHS = NO;
				CLANG_ANALYZER_NONNULL = YES;
				CLANG_ANALYZER_NUMBER_OBJECT_CONVERSION = YES_AGGRESSIVE;
				CLANG_CXX_LANGUAGE_STANDARD = "gnu++20";
				CLANG_ENABLE_MODULES = YES;
				CLANG_ENABLE_OBJC_ARC = YES;
				CLANG_ENABLE_OBJC_WEAK = YES;
				CLANG_WARN_BLOCK_CAPTURE_AUTORELEASING = YES;
				CLANG_WARN_BOOL_CONVERSION = YES;
				CLANG_WARN_COMMA = YES;
				CLANG_WARN_CONSTANT_CONVERSION = YES;
				CLANG_WARN_DEPRECATED_OBJC_IMPLEMENTATIONS = YES;
				CLANG_WARN_DIRECT_OBJC_ISA_USAGE = YES_ERROR;
				CLANG_WARN_DOCUMENTATION_COMMENTS = YES;
				CLANG_WARN_EMPTY_BODY = YES;
				CLANG_WARN_ENUM_CONVERSION = YES;
				CLANG_WARN_INFINITE_RECURSION = YES;
				CLANG_WARN_INT_CONVERSION = YES;
				CLANG_WARN_NON_LITERAL_NULL_CONVERSION = YES;
				CLANG_WARN_OBJC_IMPLICIT_RETAIN_SELF = YES;
				CLANG_WARN_OBJC_LITERAL_CONVERSION = YES;
				CLANG_WARN_OBJC_ROOT_CLASS = YES_ERROR;
				CLANG_WARN_QUOTED_INCLUDE_IN_FRAMEWORK_HEADER = YES;
				CLANG_WARN_RANGE_LOOP_ANALYSIS = YES;
				CLANG_WARN_STRICT_PROTOTYPES = YES;
				CLANG_WARN_SUSPICIOUS_MOVE = YES;
				CLANG_WARN_UNGUARDED_AVAILABILITY = YES_AGGRESSIVE;
				CLANG_WARN_UNREACHABLE_CODE = YES;
				CLANG_WARN__DUPLICATE_METHOD_MATCH = YES;
				COPY_PHASE_STRIP = NO;
				DEBUG_INFORMATION_FORMAT = dwarf;
				ENABLE_STRICT_OBJC_MSGSEND = YES;
				ENABLE_TESTABILITY = YES;
				GCC_C_LANGUAGE_STANDARD = gnu11;
				GCC_DYNAMIC_NO_PIC = NO;
				GCC_NO_COMMON_BLOCKS = YES;
				GCC_OPTIMIZATION_LEVEL = 0;
				GCC_PREPROCESSOR_DEFINITIONS = (
					"DEBUG=1",
					"$(inherited)",
				);
				GCC_WARN_64_TO_32_BIT_CONVERSION = YES;
				GCC_WARN_ABOUT_RETURN_TYPE = YES_ERROR;
				GCC_WARN_UNDECLARED_SELECTOR = YES;
				GCC_WARN_UNINITIALIZED_AUTOS = YES_AGGRESSIVE;
				GCC_WARN_UNUSED_FUNCTION = YES;
				GCC_WARN_UNUSED_VARIABLE = YES;
				IPHONEOS_DEPLOYMENT_TARGET = 16.4;
				MTL_ENABLE_DEBUG_INFO = INCLUDE_SOURCE;
				MTL_FAST_MATH = YES;
				ONLY_ACTIVE_ARCH = YES;
				SDKROOT = iphoneos;
				SWIFT_ACTIVE_COMPILATION_CONDITIONS = DEBUG;
				SWIFT_OPTIMIZATION_LEVEL = "-Onone";
			};
			name = Debug;
		};
		6C1210BB2A6F38F6005BDF58 /* Release */ = {
			isa = XCBuildConfiguration;
			buildSettings = {
				ALWAYS_SEARCH_USER_PATHS = NO;
				CLANG_ANALYZER_NONNULL = YES;
				CLANG_ANALYZER_NUMBER_OBJECT_CONVERSION = YES_AGGRESSIVE;
				CLANG_CXX_LANGUAGE_STANDARD = "gnu++20";
				CLANG_ENABLE_MODULES = YES;
				CLANG_ENABLE_OBJC_ARC = YES;
				CLANG_ENABLE_OBJC_WEAK = YES;
				CLANG_WARN_BLOCK_CAPTURE_AUTORELEASING = YES;
				CLANG_WARN_BOOL_CONVERSION = YES;
				CLANG_WARN_COMMA = YES;
				CLANG_WARN_CONSTANT_CONVERSION = YES;
				CLANG_WARN_DEPRECATED_OBJC_IMPLEMENTATIONS = YES;
				CLANG_WARN_DIRECT_OBJC_ISA_USAGE = YES_ERROR;
				CLANG_WARN_DOCUMENTATION_COMMENTS = YES;
				CLANG_WARN_EMPTY_BODY = YES;
				CLANG_WARN_ENUM_CONVERSION = YES;
				CLANG_WARN_INFINITE_RECURSION = YES;
				CLANG_WARN_INT_CONVERSION = YES;
				CLANG_WARN_NON_LITERAL_NULL_CONVERSION = YES;
				CLANG_WARN_OBJC_IMPLICIT_RETAIN_SELF = YES;
				CLANG_WARN_OBJC_LITERAL_CONVERSION = YES;
				CLANG_WARN_OBJC_ROOT_CLASS = YES_ERROR;
				CLANG_WARN_QUOTED_INCLUDE_IN_FRAMEWORK_HEADER = YES;
				CLANG_WARN_RANGE_LOOP_ANALYSIS = YES;
				CLANG_WARN_STRICT_PROTOTYPES = YES;
				CLANG_WARN_SUSPICIOUS_MOVE = YES;
				CLANG_WARN_UNGUARDED_AVAILABILITY = YES_AGGRESSIVE;
				CLANG_WARN_UNREACHABLE_CODE = YES;
				CLANG_WARN__DUPLICATE_METHOD_MATCH = YES;
				COPY_PHASE_STRIP = NO;
				DEBUG_INFORMATION_FORMAT = "dwarf-with-dsym";
				ENABLE_NS_ASSERTIONS = NO;
				ENABLE_STRICT_OBJC_MSGSEND = YES;
				GCC_C_LANGUAGE_STANDARD = gnu11;
				GCC_NO_COMMON_BLOCKS = YES;
				GCC_WARN_64_TO_32_BIT_CONVERSION = YES;
				GCC_WARN_ABOUT_RETURN_TYPE = YES_ERROR;
				GCC_WARN_UNDECLARED_SELECTOR = YES;
				GCC_WARN_UNINITIALIZED_AUTOS = YES_AGGRESSIVE;
				GCC_WARN_UNUSED_FUNCTION = YES;
				GCC_WARN_UNUSED_VARIABLE = YES;
				IPHONEOS_DEPLOYMENT_TARGET = 16.4;
				MTL_ENABLE_DEBUG_INFO = NO;
				MTL_FAST_MATH = YES;
				SDKROOT = iphoneos;
				SWIFT_COMPILATION_MODE = wholemodule;
				SWIFT_OPTIMIZATION_LEVEL = "-O";
				VALIDATE_PRODUCT = YES;
			};
			name = Release;
		};
		6C1210BD2A6F38F6005BDF58 /* Debug */ = {
			isa = XCBuildConfiguration;
			buildSettings = {
				ASSETCATALOG_COMPILER_APPICON_NAME = AppIcon;
				ASSETCATALOG_COMPILER_GLOBAL_ACCENT_COLOR_NAME = AccentColor;
				CODE_SIGN_STYLE = Automatic;
				CURRENT_PROJECT_VERSION = 1;
				DEVELOPMENT_TEAM = CGGNPW2AJS;
				GENERATE_INFOPLIST_FILE = YES;
				INFOPLIST_FILE = CSGOEventList/Info.plist;
				INFOPLIST_KEY_UIApplicationSupportsIndirectInputEvents = YES;
				INFOPLIST_KEY_UILaunchStoryboardName = LaunchScreen;
				INFOPLIST_KEY_UISupportedInterfaceOrientations_iPad = "UIInterfaceOrientationPortrait UIInterfaceOrientationPortraitUpsideDown UIInterfaceOrientationLandscapeLeft UIInterfaceOrientationLandscapeRight";
				INFOPLIST_KEY_UISupportedInterfaceOrientations_iPhone = "UIInterfaceOrientationPortrait UIInterfaceOrientationLandscapeLeft UIInterfaceOrientationLandscapeRight";
				IPHONEOS_DEPLOYMENT_TARGET = 13.0;
				LD_RUNPATH_SEARCH_PATHS = (
					"$(inherited)",
					"@executable_path/Frameworks",
				);
				MARKETING_VERSION = 1.0;
				PRODUCT_BUNDLE_IDENTIFIER = com.nextframe.CSGOEventList;
				PRODUCT_NAME = "$(TARGET_NAME)";
				SWIFT_EMIT_LOC_STRINGS = YES;
				SWIFT_VERSION = 5.0;
				TARGETED_DEVICE_FAMILY = "1,2";
			};
			name = Debug;
		};
		6C1210BE2A6F38F6005BDF58 /* Release */ = {
			isa = XCBuildConfiguration;
			buildSettings = {
				ASSETCATALOG_COMPILER_APPICON_NAME = AppIcon;
				ASSETCATALOG_COMPILER_GLOBAL_ACCENT_COLOR_NAME = AccentColor;
				CODE_SIGN_STYLE = Automatic;
				CURRENT_PROJECT_VERSION = 1;
				DEVELOPMENT_TEAM = CGGNPW2AJS;
				GENERATE_INFOPLIST_FILE = YES;
				INFOPLIST_FILE = CSGOEventList/Info.plist;
				INFOPLIST_KEY_UIApplicationSupportsIndirectInputEvents = YES;
				INFOPLIST_KEY_UILaunchStoryboardName = LaunchScreen;
				INFOPLIST_KEY_UISupportedInterfaceOrientations_iPad = "UIInterfaceOrientationPortrait UIInterfaceOrientationPortraitUpsideDown UIInterfaceOrientationLandscapeLeft UIInterfaceOrientationLandscapeRight";
				INFOPLIST_KEY_UISupportedInterfaceOrientations_iPhone = "UIInterfaceOrientationPortrait UIInterfaceOrientationLandscapeLeft UIInterfaceOrientationLandscapeRight";
				IPHONEOS_DEPLOYMENT_TARGET = 13.0;
				LD_RUNPATH_SEARCH_PATHS = (
					"$(inherited)",
					"@executable_path/Frameworks",
				);
				MARKETING_VERSION = 1.0;
				PRODUCT_BUNDLE_IDENTIFIER = com.nextframe.CSGOEventList;
				PRODUCT_NAME = "$(TARGET_NAME)";
				SWIFT_EMIT_LOC_STRINGS = YES;
				SWIFT_VERSION = 5.0;
				TARGETED_DEVICE_FAMILY = "1,2";
			};
			name = Release;
		};
		6C1210C02A6F38F6005BDF58 /* Debug */ = {
			isa = XCBuildConfiguration;
			buildSettings = {
				ALWAYS_EMBED_SWIFT_STANDARD_LIBRARIES = YES;
				BUNDLE_LOADER = "$(TEST_HOST)";
				CODE_SIGN_STYLE = Automatic;
				CURRENT_PROJECT_VERSION = 1;
				DEVELOPMENT_TEAM = CGGNPW2AJS;
				GENERATE_INFOPLIST_FILE = YES;
				IPHONEOS_DEPLOYMENT_TARGET = 16.4;
				MARKETING_VERSION = 1.0;
				PRODUCT_BUNDLE_IDENTIFIER = com.nextframe.CSGOEventListTests;
				PRODUCT_NAME = "$(TARGET_NAME)";
				SWIFT_EMIT_LOC_STRINGS = NO;
				SWIFT_VERSION = 5.0;
				TARGETED_DEVICE_FAMILY = "1,2";
				TEST_HOST = "$(BUILT_PRODUCTS_DIR)/CSGOEventList.app/$(BUNDLE_EXECUTABLE_FOLDER_PATH)/CSGOEventList";
			};
			name = Debug;
		};
		6C1210C12A6F38F6005BDF58 /* Release */ = {
			isa = XCBuildConfiguration;
			buildSettings = {
				ALWAYS_EMBED_SWIFT_STANDARD_LIBRARIES = YES;
				BUNDLE_LOADER = "$(TEST_HOST)";
				CODE_SIGN_STYLE = Automatic;
				CURRENT_PROJECT_VERSION = 1;
				DEVELOPMENT_TEAM = CGGNPW2AJS;
				GENERATE_INFOPLIST_FILE = YES;
				IPHONEOS_DEPLOYMENT_TARGET = 16.4;
				MARKETING_VERSION = 1.0;
				PRODUCT_BUNDLE_IDENTIFIER = com.nextframe.CSGOEventListTests;
				PRODUCT_NAME = "$(TARGET_NAME)";
				SWIFT_EMIT_LOC_STRINGS = NO;
				SWIFT_VERSION = 5.0;
				TARGETED_DEVICE_FAMILY = "1,2";
				TEST_HOST = "$(BUILT_PRODUCTS_DIR)/CSGOEventList.app/$(BUNDLE_EXECUTABLE_FOLDER_PATH)/CSGOEventList";
			};
			name = Release;
		};
		6C1210C32A6F38F6005BDF58 /* Debug */ = {
			isa = XCBuildConfiguration;
			buildSettings = {
				ALWAYS_EMBED_SWIFT_STANDARD_LIBRARIES = YES;
				CODE_SIGN_STYLE = Automatic;
				CURRENT_PROJECT_VERSION = 1;
				DEVELOPMENT_TEAM = CGGNPW2AJS;
				GENERATE_INFOPLIST_FILE = YES;
				MARKETING_VERSION = 1.0;
				PRODUCT_BUNDLE_IDENTIFIER = com.nextframe.CSGOEventListUITests;
				PRODUCT_NAME = "$(TARGET_NAME)";
				SWIFT_EMIT_LOC_STRINGS = NO;
				SWIFT_VERSION = 5.0;
				TARGETED_DEVICE_FAMILY = "1,2";
				TEST_TARGET_NAME = CSGOEventList;
			};
			name = Debug;
		};
		6C1210C42A6F38F6005BDF58 /* Release */ = {
			isa = XCBuildConfiguration;
			buildSettings = {
				ALWAYS_EMBED_SWIFT_STANDARD_LIBRARIES = YES;
				CODE_SIGN_STYLE = Automatic;
				CURRENT_PROJECT_VERSION = 1;
				DEVELOPMENT_TEAM = CGGNPW2AJS;
				GENERATE_INFOPLIST_FILE = YES;
				MARKETING_VERSION = 1.0;
				PRODUCT_BUNDLE_IDENTIFIER = com.nextframe.CSGOEventListUITests;
				PRODUCT_NAME = "$(TARGET_NAME)";
				SWIFT_EMIT_LOC_STRINGS = NO;
				SWIFT_VERSION = 5.0;
				TARGETED_DEVICE_FAMILY = "1,2";
				TEST_TARGET_NAME = CSGOEventList;
			};
			name = Release;
		};
/* End XCBuildConfiguration section */

/* Begin XCConfigurationList section */
		6C12108D2A6F38F3005BDF58 /* Build configuration list for PBXProject "CSGOEventList" */ = {
			isa = XCConfigurationList;
			buildConfigurations = (
				6C1210BA2A6F38F6005BDF58 /* Debug */,
				6C1210BB2A6F38F6005BDF58 /* Release */,
			);
			defaultConfigurationIsVisible = 0;
			defaultConfigurationName = Release;
		};
		6C1210BC2A6F38F6005BDF58 /* Build configuration list for PBXNativeTarget "CSGOEventList" */ = {
			isa = XCConfigurationList;
			buildConfigurations = (
				6C1210BD2A6F38F6005BDF58 /* Debug */,
				6C1210BE2A6F38F6005BDF58 /* Release */,
			);
			defaultConfigurationIsVisible = 0;
			defaultConfigurationName = Release;
		};
		6C1210BF2A6F38F6005BDF58 /* Build configuration list for PBXNativeTarget "CSGOEventListTests" */ = {
			isa = XCConfigurationList;
			buildConfigurations = (
				6C1210C02A6F38F6005BDF58 /* Debug */,
				6C1210C12A6F38F6005BDF58 /* Release */,
			);
			defaultConfigurationIsVisible = 0;
			defaultConfigurationName = Release;
		};
		6C1210C22A6F38F6005BDF58 /* Build configuration list for PBXNativeTarget "CSGOEventListUITests" */ = {
			isa = XCConfigurationList;
			buildConfigurations = (
				6C1210C32A6F38F6005BDF58 /* Debug */,
				6C1210C42A6F38F6005BDF58 /* Release */,
			);
			defaultConfigurationIsVisible = 0;
			defaultConfigurationName = Release;
		};
/* End XCConfigurationList section */
	};
	rootObject = 6C12108A2A6F38F3005BDF58 /* Project object */;
}
